
Microsoft Visual Studio Solution File, Format Version 11.00
# Visual Studio 2010
Project("{FAE04EC0-301F-11D3-BF4B-00C04F79EFBC}") = "FixWin 11.1", "FixWin 11.1\FixWin 11.1.csproj", "{02A4E6F5-D11A-462E-AD18-CE81CCF244E3}"
EndProject
Global
	GlobalSection(SolutionConfigurationPlatforms) = preSolution
		Debug|Any CPU = Debug|Any CPU
		Release|Any CPU = Release|Any CPU
	EndGlobalSection
	GlobalSection(ProjectConfigurationPlatforms) = postSolution
		{02A4E6F5-D11A-462E-AD18-CE81CCF244E3}.Debug|Any CPU.ActiveCfg = Debug|Any CPU
		{02A4E6F5-D11A-462E-AD18-CE81CCF244E3}.Debug|Any CPU.Build.0 = Debug|Any CPU
		{02A4E6F5-D11A-462E-AD18-CE81CCF244E3}.Release|Any CPU.ActiveCfg = Release|Any CPU
		{02A4E6F5-D11A-462E-AD18-CE81CCF244E3}.Release|Any CPU.Build.0 = Release|Any CPU
	EndGlobalSection
	GlobalSection(SolutionProperties) = preSolution
		HideSolutionNode = FALSE
	EndGlobalSection
EndGlobal
